
Microsoft Visual Studio Solution File, Format Version 12.00
# Visual Studio Version 16
VisualStudioVersion = 16.0.31105.61
MinimumVisualStudioVersion = 10.0.40219.1
Project("{FAE04EC0-301F-11D3-BF4B-00C04F79EFBC}") = "ACM.BL", "ACM.BL\ACM.BL.csproj", "{E2163856-2EDC-4338-835F-176AD19CC082}"
EndProject
Project("{2150E333-8FDC-42A3-9474-1A3956D46DE8}") = "Tests", "Tests", "{A665D119-6CC2-4849-AFA4-AFEBB29F1152}"
EndProject
Project("{FAE04EC0-301F-11D3-BF4B-00C04F79EFBC}") = "ACM.BLTest", "Tests\ACM.BLTest\ACM.BLTest.csproj", "{7ADC636B-BCD9-4E25-84C9-F0776A038455}"
EndProject
Global
	GlobalSection(SolutionConfigurationPlatforms) = preSolution
		Debug|Any CPU = Debug|Any CPU
		Release|Any CPU = Release|Any CPU
	EndGlobalSection
	GlobalSection(ProjectConfigurationPlatforms) = postSolution
		{E2163856-2EDC-4338-835F-176AD19CC082}.Debug|Any CPU.ActiveCfg = Debug|Any CPU
		{E2163856-2EDC-4338-835F-176AD19CC082}.Debug|Any CPU.Build.0 = Debug|Any CPU
		{E2163856-2EDC-4338-835F-176AD19CC082}.Release|Any CPU.ActiveCfg = Release|Any CPU
		{E2163856-2EDC-4338-835F-176AD19CC082}.Release|Any CPU.Build.0 = Release|Any CPU
		{7ADC636B-BCD9-4E25-84C9-F0776A038455}.Debug|Any CPU.ActiveCfg = Debug|Any CPU
		{7ADC636B-BCD9-4E25-84C9-F0776A038455}.Debug|Any CPU.Build.0 = Debug|Any CPU
		{7ADC636B-BCD9-4E25-84C9-F0776A038455}.Release|Any CPU.ActiveCfg = Release|Any CPU
		{7ADC636B-BCD9-4E25-84C9-F0776A038455}.Release|Any CPU.Build.0 = Release|Any CPU
	EndGlobalSection
	GlobalSection(SolutionProperties) = preSolution
		HideSolutionNode = FALSE
	EndGlobalSection
	GlobalSection(NestedProjects) = preSolution
		{7ADC636B-BCD9-4E25-84C9-F0776A038455} = {A665D119-6CC2-4849-AFA4-AFEBB29F1152}
	EndGlobalSection
	GlobalSection(ExtensibilityGlobals) = postSolution
		SolutionGuid = {56EB29D7-85EA-4EFD-9DA8-6DDB2699D453}
	EndGlobalSection
EndGlobal
